
Microsoft Visual Studio Solution File, Format Version 12.00
# Visual Studio 15
VisualStudioVersion = 15.0.27703.2018
MinimumVisualStudioVersion = 10.0.40219.1
Project("{FAE04EC0-301F-11D3-BF4B-00C04F79EFBC}") = "Page_Tracker_Xam.Android", "Page_Tracker_Xam\Page_Tracker_Xam.Android\Page_Tracker_Xam.Android.csproj", "{42CEBAB0-E5FD-46ED-AE81-B19F5F5CB864}"
EndProject
Project("{FAE04EC0-301F-11D3-BF4B-00C04F79EFBC}") = "Page_Tracker_Xam", "Page_Tracker_Xam\Page_Tracker_Xam\Page_Tracker_Xam.csproj", "{A96C9647-C12D-4B42-A7C3-5024C738F30B}"
EndProject
Global
	GlobalSection(SolutionConfigurationPlatforms) = preSolution
		Debug|Any CPU = Debug|Any CPU
		Release|Any CPU = Release|Any CPU
	EndGlobalSection
	GlobalSection(ProjectConfigurationPlatforms) = postSolution
		{42CEBAB0-E5FD-46ED-AE81-B19F5F5CB864}.Debug|Any CPU.ActiveCfg = Debug|Any CPU
		{42CEBAB0-E5FD-46ED-AE81-B19F5F5CB864}.Debug|Any CPU.Build.0 = Debug|Any CPU
		{42CEBAB0-E5FD-46ED-AE81-B19F5F5CB864}.Debug|Any CPU.Deploy.0 = Debug|Any CPU
		{42CEBAB0-E5FD-46ED-AE81-B19F5F5CB864}.Release|Any CPU.ActiveCfg = Release|Any CPU
		{42CEBAB0-E5FD-46ED-AE81-B19F5F5CB864}.Release|Any CPU.Build.0 = Release|Any CPU
		{42CEBAB0-E5FD-46ED-AE81-B19F5F5CB864}.Release|Any CPU.Deploy.0 = Release|Any CPU
		{A96C9647-C12D-4B42-A7C3-5024C738F30B}.Debug|Any CPU.ActiveCfg = Debug|Any CPU
		{A96C9647-C12D-4B42-A7C3-5024C738F30B}.Debug|Any CPU.Build.0 = Debug|Any CPU
		{A96C9647-C12D-4B42-A7C3-5024C738F30B}.Debug|Any CPU.Deploy.0 = Debug|Any CPU
		{A96C9647-C12D-4B42-A7C3-5024C738F30B}.Release|Any CPU.ActiveCfg = Release|Any CPU
		{A96C9647-C12D-4B42-A7C3-5024C738F30B}.Release|Any CPU.Build.0 = Release|Any CPU
		{A96C9647-C12D-4B42-A7C3-5024C738F30B}.Release|Any CPU.Deploy.0 = Release|Any CPU
	EndGlobalSection
	GlobalSection(SolutionProperties) = preSolution
		HideSolutionNode = FALSE
	EndGlobalSection
	GlobalSection(ExtensibilityGlobals) = postSolution
		SolutionGuid = {06B4880F-7658-488B-8943-86EB941E0420}
	EndGlobalSection
EndGlobal
